# This file is autogenerated, do not edit; changes may be undone by the next 'dep ensure'.


[[projects]]
  digest = "1:cbec35fe4d5a4fba369a656a8cd65e244ea2c743007d8f6c1ccb132acf9d1296"
  name = "github.com/gorilla/mux"
  packages = ["."]
  pruneopts = "UT"
  revision = "00bdffe0f3c77e27d2cf6f5c70232a2d3e4d9c15"
  version = "v1.7.3"

[[projects]]
  digest = "1:2e162f0849aa978d44aea2601dc6a6a832c0d6ca575b6905959442282d29f915"
  name = "github.com/openzipkin/zipkin-go"
  packages = [
    ".",
    "idgenerator",
    "middleware/http",
    "model",
    "propagation",
    "propagation/b3",
    "reporter",
    "reporter/http",
    "reporter/log",
  ]
  pruneopts = "UT"
  revision = "c29478e51bfb2e9c93e0e9f5e015e5993a490399"
  version = "v0.2.2"

[[projects]]
  digest = "1:ff8f87e537095bf44c46b676f64f81a4f02c7d0f757d68e901599b5bf52f919d"
  name = "google.golang.org/grpc"
  packages = ["metadata"]
  pruneopts = "UT"
  revision = "39e8a7b072a67ca2a75f57fa2e0d50995f5b22f6"
  version = "v1.23.1"

[solve-meta]
  analyzer-name = "dep"
  analyzer-version = 1
  input-imports = [
    "github.com/gorilla/mux",
    "github.com/openzipkin/zipkin-go",
    "github.com/openzipkin/zipkin-go/middleware/http",
    "github.com/openzipkin/zipkin-go/reporter/http",
    "github.com/openzipkin/zipkin-go/reporter/log",
  ]
  solver-name = "gps-cdcl"
  solver-version = 1
